
Microsoft Visual Studio Solution File, Format Version 12.00
# Visual Studio Version 17
VisualStudioVersion = 17.9.34714.143
MinimumVisualStudioVersion = 10.0.40219.1
Project("{2150E333-8FDC-42A3-9474-1A3956D46DE8}") = "Application", "Application", "{8D2610BB-439E-4D70-8DEB-3DCA6C2F8A57}"
EndProject
Project("{2150E333-8FDC-42A3-9474-1A3956D46DE8}") = "Domain", "Domain", "{7E3E14C0-A85E-4BAF-837F-63586266F9A9}"
EndProject
Project("{2150E333-8FDC-42A3-9474-1A3956D46DE8}") = "Infrastructure", "Infrastructure", "{9CF67565-3A9C-46BF-82CB-9E48C92A1CBF}"
EndProject
Project("{2150E333-8FDC-42A3-9474-1A3956D46DE8}") = "Services", "Services", "{E02EA356-6A58-4827-A33A-6FCAD2094B82}"
EndProject
Project("{2150E333-8FDC-42A3-9474-1A3956D46DE8}") = "Utilities", "Utilities", "{1012BB2A-B4BA-427F-848B-0C8C81B5500F}"
EndProject
Project("{FAE04EC0-301F-11D3-BF4B-00C04F79EFBC}") = "CLINICAL.Domain", "src\CLINICAL.Domain\CLINICAL.Domain.csproj", "{3DE210CC-69A9-445A-A577-C66C431A2190}"
EndProject
Project("{FAE04EC0-301F-11D3-BF4B-00C04F79EFBC}") = "CLINICAL.Infrastructure", "src\CLINICAL.Infrastructure\CLINICAL.Infrastructure.csproj", "{69693BFE-76F0-45FA-ABB7-6DB3BF0097D5}"
EndProject
Project("{FAE04EC0-301F-11D3-BF4B-00C04F79EFBC}") = "CLINICAL.Persistence", "src\CLINICAL.Persistence\CLINICAL.Persistence.csproj", "{D51D4953-3C32-4318-A578-761CD7CB8CB8}"
EndProject
Project("{FAE04EC0-301F-11D3-BF4B-00C04F79EFBC}") = "CLINICAL.Application.Dtos", "src\CLINICAL.Application.Dtos\CLINICAL.Application.Dtos.csproj", "{CAE613A8-3273-4698-B06F-44644714C585}"
EndProject
Project("{FAE04EC0-301F-11D3-BF4B-00C04F79EFBC}") = "CLINICAL.Application.Interface", "src\CLINICAL.Application.Interface\CLINICAL.Application.Interface.csproj", "{DD5474E3-1C66-42B4-B312-C3D55860B435}"
EndProject
Project("{FAE04EC0-301F-11D3-BF4B-00C04F79EFBC}") = "CLINICAL.Application.UseCase", "src\CLINICAL.Application.UseCase\CLINICAL.Application.UseCase.csproj", "{7C844B1F-1F7D-46E8-9415-7CAEE0F664FF}"
EndProject
Project("{FAE04EC0-301F-11D3-BF4B-00C04F79EFBC}") = "CLINICAL.Api", "src\CLINICAL.Api\CLINICAL.Api.csproj", "{C22DEB0D-B7E6-45BF-99C4-642D84C8BB13}"
EndProject
Project("{FAE04EC0-301F-11D3-BF4B-00C04F79EFBC}") = "CLINICAL.Utilities", "src\CLINICAL.Utilities\CLINICAL.Utilities.csproj", "{0D861159-8849-4B78-83A0-A095371F3F40}"
EndProject
Global
	GlobalSection(SolutionConfigurationPlatforms) = preSolution
		Debug|Any CPU = Debug|Any CPU
		Release|Any CPU = Release|Any CPU
	EndGlobalSection
	GlobalSection(ProjectConfigurationPlatforms) = postSolution
		{3DE210CC-69A9-445A-A577-C66C431A2190}.Debug|Any CPU.ActiveCfg = Debug|Any CPU
		{3DE210CC-69A9-445A-A577-C66C431A2190}.Debug|Any CPU.Build.0 = Debug|Any CPU
		{3DE210CC-69A9-445A-A577-C66C431A2190}.Release|Any CPU.ActiveCfg = Release|Any CPU
		{3DE210CC-69A9-445A-A577-C66C431A2190}.Release|Any CPU.Build.0 = Release|Any CPU
		{69693BFE-76F0-45FA-ABB7-6DB3BF0097D5}.Debug|Any CPU.ActiveCfg = Debug|Any CPU
		{69693BFE-76F0-45FA-ABB7-6DB3BF0097D5}.Debug|Any CPU.Build.0 = Debug|Any CPU
		{69693BFE-76F0-45FA-ABB7-6DB3BF0097D5}.Release|Any CPU.ActiveCfg = Release|Any CPU
		{69693BFE-76F0-45FA-ABB7-6DB3BF0097D5}.Release|Any CPU.Build.0 = Release|Any CPU
		{D51D4953-3C32-4318-A578-761CD7CB8CB8}.Debug|Any CPU.ActiveCfg = Debug|Any CPU
		{D51D4953-3C32-4318-A578-761CD7CB8CB8}.Debug|Any CPU.Build.0 = Debug|Any CPU
		{D51D4953-3C32-4318-A578-761CD7CB8CB8}.Release|Any CPU.ActiveCfg = Release|Any CPU
		{D51D4953-3C32-4318-A578-761CD7CB8CB8}.Release|Any CPU.Build.0 = Release|Any CPU
		{CAE613A8-3273-4698-B06F-44644714C585}.Debug|Any CPU.ActiveCfg = Debug|Any CPU
		{CAE613A8-3273-4698-B06F-44644714C585}.Debug|Any CPU.Build.0 = Debug|Any CPU
		{CAE613A8-3273-4698-B06F-44644714C585}.Release|Any CPU.ActiveCfg = Release|Any CPU
		{CAE613A8-3273-4698-B06F-44644714C585}.Release|Any CPU.Build.0 = Release|Any CPU
		{DD5474E3-1C66-42B4-B312-C3D55860B435}.Debug|Any CPU.ActiveCfg = Debug|Any CPU
		{DD5474E3-1C66-42B4-B312-C3D55860B435}.Debug|Any CPU.Build.0 = Debug|Any CPU
		{DD5474E3-1C66-42B4-B312-C3D55860B435}.Release|Any CPU.ActiveCfg = Release|Any CPU
		{DD5474E3-1C66-42B4-B312-C3D55860B435}.Release|Any CPU.Build.0 = Release|Any CPU
		{7C844B1F-1F7D-46E8-9415-7CAEE0F664FF}.Debug|Any CPU.ActiveCfg = Debug|Any CPU
		{7C844B1F-1F7D-46E8-9415-7CAEE0F664FF}.Debug|Any CPU.Build.0 = Debug|Any CPU
		{7C844B1F-1F7D-46E8-9415-7CAEE0F664FF}.Release|Any CPU.ActiveCfg = Release|Any CPU
		{7C844B1F-1F7D-46E8-9415-7CAEE0F664FF}.Release|Any CPU.Build.0 = Release|Any CPU
		{C22DEB0D-B7E6-45BF-99C4-642D84C8BB13}.Debug|Any CPU.ActiveCfg = Debug|Any CPU
		{C22DEB0D-B7E6-45BF-99C4-642D84C8BB13}.Debug|Any CPU.Build.0 = Debug|Any CPU
		{C22DEB0D-B7E6-45BF-99C4-642D84C8BB13}.Release|Any CPU.ActiveCfg = Release|Any CPU
		{C22DEB0D-B7E6-45BF-99C4-642D84C8BB13}.Release|Any CPU.Build.0 = Release|Any CPU
		{0D861159-8849-4B78-83A0-A095371F3F40}.Debug|Any CPU.ActiveCfg = Debug|Any CPU
		{0D861159-8849-4B78-83A0-A095371F3F40}.Debug|Any CPU.Build.0 = Debug|Any CPU
		{0D861159-8849-4B78-83A0-A095371F3F40}.Release|Any CPU.ActiveCfg = Release|Any CPU
		{0D861159-8849-4B78-83A0-A095371F3F40}.Release|Any CPU.Build.0 = Release|Any CPU
	EndGlobalSection
	GlobalSection(SolutionProperties) = preSolution
		HideSolutionNode = FALSE
	EndGlobalSection
	GlobalSection(NestedProjects) = preSolution
		{3DE210CC-69A9-445A-A577-C66C431A2190} = {7E3E14C0-A85E-4BAF-837F-63586266F9A9}
		{69693BFE-76F0-45FA-ABB7-6DB3BF0097D5} = {9CF67565-3A9C-46BF-82CB-9E48C92A1CBF}
		{D51D4953-3C32-4318-A578-761CD7CB8CB8} = {9CF67565-3A9C-46BF-82CB-9E48C92A1CBF}
		{CAE613A8-3273-4698-B06F-44644714C585} = {8D2610BB-439E-4D70-8DEB-3DCA6C2F8A57}
		{DD5474E3-1C66-42B4-B312-C3D55860B435} = {8D2610BB-439E-4D70-8DEB-3DCA6C2F8A57}
		{7C844B1F-1F7D-46E8-9415-7CAEE0F664FF} = {8D2610BB-439E-4D70-8DEB-3DCA6C2F8A57}
		{C22DEB0D-B7E6-45BF-99C4-642D84C8BB13} = {E02EA356-6A58-4827-A33A-6FCAD2094B82}
		{0D861159-8849-4B78-83A0-A095371F3F40} = {1012BB2A-B4BA-427F-848B-0C8C81B5500F}
	EndGlobalSection
	GlobalSection(ExtensibilityGlobals) = postSolution
		SolutionGuid = {D51118CD-54DE-438D-8189-45CD17877439}
	EndGlobalSection
EndGlobal
